// !$*UTF8*$!
{
	archiveVersion = 1;
	classes = {
	};
	objectVersion = 52;
	objects = {

/* Begin PBXBuildFile section */
		DEAF3C338DFD4D2A6BBB01F0 /* Pods_Music_Bag.framework in Frameworks */ = {isa = PBXBuildFile; fileRef = F23E69841B4DC4B82A90D632 /* Pods_Music_Bag.framework */; };
		F708978E26FCB70F004973D2 /* FireBaseManager.swift in Sources */ = {isa = PBXBuildFile; fileRef = F708978D26FCB70F004973D2 /* FireBaseManager.swift */; };
		F727B66626E59D78006D2F3C /* GoogleService-Info.plist in Resources */ = {isa = PBXBuildFile; fileRef = F727B66526E59D78006D2F3C /* GoogleService-Info.plist */; };
		F727B66C26E5A283006D2F3C /* UIColor+Extension.swift in Sources */ = {isa = PBXBuildFile; fileRef = F727B66B26E5A283006D2F3C /* UIColor+Extension.swift */; };
		F727B66E26E5AA88006D2F3C /* BaseViewAController.swift in Sources */ = {isa = PBXBuildFile; fileRef = F727B66D26E5AA88006D2F3C /* BaseViewAController.swift */; };
		F727B67A26E65564006D2F3C /* UIImage+Extension.swift in Sources */ = {isa = PBXBuildFile; fileRef = F727B67926E65564006D2F3C /* UIImage+Extension.swift */; };
		F76212D92710811F00F5AD87 /* ContainerViewController.swift in Sources */ = {isa = PBXBuildFile; fileRef = F76212D82710811F00F5AD87 /* ContainerViewController.swift */; };
		F76212DB271087D600F5AD87 /* MenuViewController.swift in Sources */ = {isa = PBXBuildFile; fileRef = F76212DA271087D600F5AD87 /* MenuViewController.swift */; };
		F77A16E42704E2970090851D /* Preview.swift in Sources */ = {isa = PBXBuildFile; fileRef = F77A16E32704E2970090851D /* Preview.swift */; };
		F77A17212705DB010090851D /* CollectionTableViewCell.swift in Sources */ = {isa = PBXBuildFile; fileRef = F77A17202705DB010090851D /* CollectionTableViewCell.swift */; };
		F77A172527064ECD0090851D /* LoginViewController.swift in Sources */ = {isa = PBXBuildFile; fileRef = F77A172427064ECD0090851D /* LoginViewController.swift */; };
		F77A172B270BB0680090851D /* UIView+Extension.swift in Sources */ = {isa = PBXBuildFile; fileRef = F77A172A270BB0670090851D /* UIView+Extension.swift */; };
		F77A172F270C67790090851D /* SpinnerLoadView.swift in Sources */ = {isa = PBXBuildFile; fileRef = F77A172E270C67790090851D /* SpinnerLoadView.swift */; };
		F77A486627013FA100FF3538 /* RegisterViewController.swift in Sources */ = {isa = PBXBuildFile; fileRef = F77A486527013FA100FF3538 /* RegisterViewController.swift */; };
		F77A486C2701EAC100FF3538 /* CustomTextField.swift in Sources */ = {isa = PBXBuildFile; fileRef = F77A486B2701EAC100FF3538 /* CustomTextField.swift */; };
		F77A486E2701F74E00FF3538 /* CustomButton.swift in Sources */ = {isa = PBXBuildFile; fileRef = F77A486D2701F74D00FF3538 /* CustomButton.swift */; };
		F77A48702702011A00FF3538 /* CutomTextFieldView.swift in Sources */ = {isa = PBXBuildFile; fileRef = F77A486F2702011A00FF3538 /* CutomTextFieldView.swift */; };
		F77A487227022F0400FF3538 /* MusicManager.swift in Sources */ = {isa = PBXBuildFile; fileRef = F77A487127022F0400FF3538 /* MusicManager.swift */; };
		F77A48742702333900FF3538 /* NoPlayingMusicViewController.swift in Sources */ = {isa = PBXBuildFile; fileRef = F77A48732702333900FF3538 /* NoPlayingMusicViewController.swift */; };
		F77A48762702888F00FF3538 /* UIImage+ResizeImageExtensin.swift in Sources */ = {isa = PBXBuildFile; fileRef = F77A48752702888F00FF3538 /* UIImage+ResizeImageExtensin.swift */; };
		F77A487A2703819A00FF3538 /* ProfileViewController.swift in Sources */ = {isa = PBXBuildFile; fileRef = F77A48792703819A00FF3538 /* ProfileViewController.swift */; };
		F7AB5E4426F3A30000DF7248 /* HomeViewController.swift in Sources */ = {isa = PBXBuildFile; fileRef = F7AB5E4326F3A30000DF7248 /* HomeViewController.swift */; };
		F7AB5E5426F4DF2100DF7248 /* MusicModel.swift in Sources */ = {isa = PBXBuildFile; fileRef = F7AB5E5326F4DF2100DF7248 /* MusicModel.swift */; };
		F7BDBD4D27112013005BAF9A /* UINavigationController+Extension.swift in Sources */ = {isa = PBXBuildFile; fileRef = F7BDBD4C27112013005BAF9A /* UINavigationController+Extension.swift */; };
		F7BDBD5527114373005BAF9A /* ProfileMenuButton.swift in Sources */ = {isa = PBXBuildFile; fileRef = F7BDBD5427114373005BAF9A /* ProfileMenuButton.swift */; };
		F7D065A426BD790600A31E37 /* AppDelegate.swift in Sources */ = {isa = PBXBuildFile; fileRef = F7D065A326BD790600A31E37 /* AppDelegate.swift */; };
		F7D065A626BD790600A31E37 /* SceneDelegate.swift in Sources */ = {isa = PBXBuildFile; fileRef = F7D065A526BD790600A31E37 /* SceneDelegate.swift */; };
		F7D065A826BD790600A31E37 /* MusicViewController.swift in Sources */ = {isa = PBXBuildFile; fileRef = F7D065A726BD790600A31E37 /* MusicViewController.swift */; };
		F7D065AD26BD790A00A31E37 /* Assets.xcassets in Resources */ = {isa = PBXBuildFile; fileRef = F7D065AC26BD790A00A31E37 /* Assets.xcassets */; };
		F7D065B026BD790A00A31E37 /* LaunchScreen.storyboard in Resources */ = {isa = PBXBuildFile; fileRef = F7D065AE26BD790A00A31E37 /* LaunchScreen.storyboard */; };
		F7D065BE26BD985C00A31E37 /* SnapKit in Frameworks */ = {isa = PBXBuildFile; productRef = F7D065BD26BD985C00A31E37 /* SnapKit */; };
		F7D065C026BD99D600A31E37 /* HomeTableViewCell.swift in Sources */ = {isa = PBXBuildFile; fileRef = F7D065BF26BD99D600A31E37 /* HomeTableViewCell.swift */; };
		F7D065C826BDA58900A31E37 /* APIManager.swift in Sources */ = {isa = PBXBuildFile; fileRef = F7D065C726BDA58900A31E37 /* APIManager.swift */; };
		F7D065CA26BDBAE700A31E37 /* NetworkManager.swift in Sources */ = {isa = PBXBuildFile; fileRef = F7D065C926BDBAE700A31E37 /* NetworkManager.swift */; };
		F7DBF40526F9451C002C7864 /* HomeSectionHeaderView.swift in Sources */ = {isa = PBXBuildFile; fileRef = F7DBF40426F9451C002C7864 /* HomeSectionHeaderView.swift */; };
		F7E598DA26D674BA00F6BD94 /* Service.swift in Sources */ = {isa = PBXBuildFile; fileRef = F7E598D926D674BA00F6BD94 /* Service.swift */; };
		F7FC156226FE14CB00E8D279 /* TabBar.swift in Sources */ = {isa = PBXBuildFile; fileRef = F7FC156126FE14CB00E8D279 /* TabBar.swift */; };
/* End PBXBuildFile section */

/* Begin PBXFileReference section */
		7664685B2ECE85278C8309FB /* Pods-Music Bag.release.xcconfig */ = {isa = PBXFileReference; includeInIndex = 1; lastKnownFileType = text.xcconfig; name = "Pods-Music Bag.release.xcconfig"; path = "Target Support Files/Pods-Music Bag/Pods-Music Bag.release.xcconfig"; sourceTree = "<group>"; };
		BF52065107647F2A15189469 /* Pods-Music Bag.debug.xcconfig */ = {isa = PBXFileReference; includeInIndex = 1; lastKnownFileType = text.xcconfig; name = "Pods-Music Bag.debug.xcconfig"; path = "Target Support Files/Pods-Music Bag/Pods-Music Bag.debug.xcconfig"; sourceTree = "<group>"; };
		F23E69841B4DC4B82A90D632 /* Pods_Music_Bag.framework */ = {isa = PBXFileReference; explicitFileType = wrapper.framework; includeInIndex = 0; path = Pods_Music_Bag.framework; sourceTree = BUILT_PRODUCTS_DIR; };
		F708978D26FCB70F004973D2 /* FireBaseManager.swift */ = {isa = PBXFileReference; lastKnownFileType = sourcecode.swift; name = FireBaseManager.swift; path = ../../../Documents/FireBaseManager.swift; sourceTree = "<group>"; };
		F727B66526E59D78006D2F3C /* GoogleService-Info.plist */ = {isa = PBXFileReference; fileEncoding = 4; lastKnownFileType = text.plist.xml; path = "GoogleService-Info.plist"; sourceTree = "<group>"; };
		F727B66B26E5A283006D2F3C /* UIColor+Extension.swift */ = {isa = PBXFileReference; lastKnownFileType = sourcecode.swift; path = "UIColor+Extension.swift"; sourceTree = "<group>"; };
		F727B66D26E5AA88006D2F3C /* BaseViewAController.swift */ = {isa = PBXFileReference; lastKnownFileType = sourcecode.swift; path = BaseViewAController.swift; sourceTree = "<group>"; };
		F727B67926E65564006D2F3C /* UIImage+Extension.swift */ = {isa = PBXFileReference; lastKnownFileType = sourcecode.swift; path = "UIImage+Extension.swift"; sourceTree = "<group>"; };
		F76212D82710811F00F5AD87 /* ContainerViewController.swift */ = {isa = PBXFileReference; lastKnownFileType = sourcecode.swift; path = ContainerViewController.swift; sourceTree = "<group>"; };
		F76212DA271087D600F5AD87 /* MenuViewController.swift */ = {isa = PBXFileReference; lastKnownFileType = sourcecode.swift; path = MenuViewController.swift; sourceTree = "<group>"; };
		F77A16E32704E2970090851D /* Preview.swift */ = {isa = PBXFileReference; lastKnownFileType = sourcecode.swift; path = Preview.swift; sourceTree = "<group>"; };
		F77A17202705DB010090851D /* CollectionTableViewCell.swift */ = {isa = PBXFileReference; lastKnownFileType = sourcecode.swift; path = CollectionTableViewCell.swift; sourceTree = "<group>"; };
		F77A172427064ECD0090851D /* LoginViewController.swift */ = {isa = PBXFileReference; lastKnownFileType = sourcecode.swift; path = LoginViewController.swift; sourceTree = "<group>"; };
		F77A172A270BB0670090851D /* UIView+Extension.swift */ = {isa = PBXFileReference; lastKnownFileType = sourcecode.swift; path = "UIView+Extension.swift"; sourceTree = "<group>"; };
		F77A172E270C67790090851D /* SpinnerLoadView.swift */ = {isa = PBXFileReference; lastKnownFileType = sourcecode.swift; path = SpinnerLoadView.swift; sourceTree = "<group>"; };
		F77A486527013FA100FF3538 /* RegisterViewController.swift */ = {isa = PBXFileReference; lastKnownFileType = sourcecode.swift; path = RegisterViewController.swift; sourceTree = "<group>"; };
		F77A486B2701EAC100FF3538 /* CustomTextField.swift */ = {isa = PBXFileReference; lastKnownFileType = sourcecode.swift; path = CustomTextField.swift; sourceTree = "<group>"; };
		F77A486D2701F74D00FF3538 /* CustomButton.swift */ = {isa = PBXFileReference; lastKnownFileType = sourcecode.swift; path = CustomButton.swift; sourceTree = "<group>"; };
		F77A486F2702011A00FF3538 /* CutomTextFieldView.swift */ = {isa = PBXFileReference; lastKnownFileType = sourcecode.swift; path = CutomTextFieldView.swift; sourceTree = "<group>"; };
		F77A487127022F0400FF3538 /* MusicManager.swift */ = {isa = PBXFileReference; lastKnownFileType = sourcecode.swift; path = MusicManager.swift; sourceTree = "<group>"; };
		F77A48732702333900FF3538 /* NoPlayingMusicViewController.swift */ = {isa = PBXFileReference; lastKnownFileType = sourcecode.swift; path = NoPlayingMusicViewController.swift; sourceTree = "<group>"; };
		F77A48752702888F00FF3538 /* UIImage+ResizeImageExtensin.swift */ = {isa = PBXFileReference; lastKnownFileType = sourcecode.swift; path = "UIImage+ResizeImageExtensin.swift"; sourceTree = "<group>"; };
		F77A48792703819A00FF3538 /* ProfileViewController.swift */ = {isa = PBXFileReference; lastKnownFileType = sourcecode.swift; path = ProfileViewController.swift; sourceTree = "<group>"; };
		F7AB5E4326F3A30000DF7248 /* HomeViewController.swift */ = {isa = PBXFileReference; lastKnownFileType = sourcecode.swift; path = HomeViewController.swift; sourceTree = "<group>"; };
		F7AB5E5326F4DF2100DF7248 /* MusicModel.swift */ = {isa = PBXFileReference; lastKnownFileType = sourcecode.swift; path = MusicModel.swift; sourceTree = "<group>"; };
		F7BDBD4C27112013005BAF9A /* UINavigationController+Extension.swift */ = {isa = PBXFileReference; lastKnownFileType = sourcecode.swift; path = "UINavigationController+Extension.swift"; sourceTree = "<group>"; };
		F7BDBD5427114373005BAF9A /* ProfileMenuButton.swift */ = {isa = PBXFileReference; lastKnownFileType = sourcecode.swift; path = ProfileMenuButton.swift; sourceTree = "<group>"; };
		F7D065A026BD790600A31E37 /* Music Bag.app */ = {isa = PBXFileReference; explicitFileType = wrapper.application; includeInIndex = 0; path = "Music Bag.app"; sourceTree = BUILT_PRODUCTS_DIR; };
		F7D065A326BD790600A31E37 /* AppDelegate.swift */ = {isa = PBXFileReference; lastKnownFileType = sourcecode.swift; path = AppDelegate.swift; sourceTree = "<group>"; };
		F7D065A526BD790600A31E37 /* SceneDelegate.swift */ = {isa = PBXFileReference; lastKnownFileType = sourcecode.swift; path = SceneDelegate.swift; sourceTree = "<group>"; };
		F7D065A726BD790600A31E37 /* MusicViewController.swift */ = {isa = PBXFileReference; lastKnownFileType = sourcecode.swift; path = MusicViewController.swift; sourceTree = "<group>"; };
		F7D065AC26BD790A00A31E37 /* Assets.xcassets */ = {isa = PBXFileReference; lastKnownFileType = folder.assetcatalog; path = Assets.xcassets; sourceTree = "<group>"; };
		F7D065AF26BD790A00A31E37 /* Base */ = {isa = PBXFileReference; lastKnownFileType = file.storyboard; name = Base; path = Base.lproj/LaunchScreen.storyboard; sourceTree = "<group>"; };
		F7D065BF26BD99D600A31E37 /* HomeTableViewCell.swift */ = {isa = PBXFileReference; lastKnownFileType = sourcecode.swift; path = HomeTableViewCell.swift; sourceTree = "<group>"; };
		F7D065C726BDA58900A31E37 /* APIManager.swift */ = {isa = PBXFileReference; lastKnownFileType = sourcecode.swift; path = APIManager.swift; sourceTree = "<group>"; };
		F7D065C926BDBAE700A31E37 /* NetworkManager.swift */ = {isa = PBXFileReference; lastKnownFileType = sourcecode.swift; path = NetworkManager.swift; sourceTree = "<group>"; };
		F7D065CC26BDBE7F00A31E37 /* Info.plist */ = {isa = PBXFileReference; lastKnownFileType = text.plist.xml; name = Info.plist; path = "/Users/premier/musicBag/Music Bag/Common/Info.plist"; sourceTree = "<absolute>"; };
		F7DBF40426F9451C002C7864 /* HomeSectionHeaderView.swift */ = {isa = PBXFileReference; lastKnownFileType = sourcecode.swift; path = HomeSectionHeaderView.swift; sourceTree = "<group>"; };
		F7E598D926D674BA00F6BD94 /* Service.swift */ = {isa = PBXFileReference; lastKnownFileType = sourcecode.swift; path = Service.swift; sourceTree = "<group>"; };
		F7FC156126FE14CB00E8D279 /* TabBar.swift */ = {isa = PBXFileReference; lastKnownFileType = sourcecode.swift; path = TabBar.swift; sourceTree = "<group>"; };
/* End PBXFileReference section */

/* Begin PBXFrameworksBuildPhase section */
		F7D0659D26BD790600A31E37 /* Frameworks */ = {
			isa = PBXFrameworksBuildPhase;
			buildActionMask = 2147483647;
			files = (
				F7D065BE26BD985C00A31E37 /* SnapKit in Frameworks */,
				DEAF3C338DFD4D2A6BBB01F0 /* Pods_Music_Bag.framework in Frameworks */,
			);
			runOnlyForDeploymentPostprocessing = 0;
		};
/* End PBXFrameworksBuildPhase section */

/* Begin PBXGroup section */
		70ED091A7500C0D50C2D4F2C /* Frameworks */ = {
			isa = PBXGroup;
			children = (
				F23E69841B4DC4B82A90D632 /* Pods_Music_Bag.framework */,
			);
			name = Frameworks;
			sourceTree = "<group>";
		};
		D03EA9340BB5A2869F1EB221 /* Pods */ = {
			isa = PBXGroup;
			children = (
				BF52065107647F2A15189469 /* Pods-Music Bag.debug.xcconfig */,
				7664685B2ECE85278C8309FB /* Pods-Music Bag.release.xcconfig */,
			);
			path = Pods;
			sourceTree = "<group>";
		};
		F727B66726E59F19006D2F3C /* Models */ = {
			isa = PBXGroup;
			children = (
				F7AB5E5326F4DF2100DF7248 /* MusicModel.swift */,
			);
			path = Models;
			sourceTree = "<group>";
		};
		F727B66A26E5A267006D2F3C /* Extensions */ = {
			isa = PBXGroup;
			children = (
				F727B66B26E5A283006D2F3C /* UIColor+Extension.swift */,
				F727B67926E65564006D2F3C /* UIImage+Extension.swift */,
				F77A48752702888F00FF3538 /* UIImage+ResizeImageExtensin.swift */,
				F77A172A270BB0670090851D /* UIView+Extension.swift */,
				F7BDBD4C27112013005BAF9A /* UINavigationController+Extension.swift */,
			);
			path = Extensions;
			sourceTree = "<group>";
		};
		F76212D7271080F400F5AD87 /* Menu Controller */ = {
			isa = PBXGroup;
			children = (
				F76212D82710811F00F5AD87 /* ContainerViewController.swift */,
				F76212DA271087D600F5AD87 /* MenuViewController.swift */,
				F7BDBD5427114373005BAF9A /* ProfileMenuButton.swift */,
			);
			path = "Menu Controller";
			sourceTree = "<group>";
		};
		F77A172327064EBD0090851D /* Login */ = {
			isa = PBXGroup;
			children = (
				F77A172427064ECD0090851D /* LoginViewController.swift */,
			);
			path = Login;
			sourceTree = "<group>";
		};
		F77A1729270B3A510090851D /* Cell */ = {
			isa = PBXGroup;
			children = (
				F7D065BF26BD99D600A31E37 /* HomeTableViewCell.swift */,
				F7DBF40426F9451C002C7864 /* HomeSectionHeaderView.swift */,
			);
			path = Cell;
			sourceTree = "<group>";
		};
		F77A486427013F6800FF3538 /* Register */ = {
			isa = PBXGroup;
			children = (
				F77A486527013FA100FF3538 /* RegisterViewController.swift */,
			);
			path = Register;
			sourceTree = "<group>";
		};
		F77A48782703818400FF3538 /* Profile */ = {
			isa = PBXGroup;
			children = (
				F76212D7271080F400F5AD87 /* Menu Controller */,
				F77A48792703819A00FF3538 /* ProfileViewController.swift */,
			);
			path = Profile;
			sourceTree = "<group>";
		};
		F7AB5E4226F3A2EA00DF7248 /* Home */ = {
			isa = PBXGroup;
			children = (
				F7AB5E4326F3A30000DF7248 /* HomeViewController.swift */,
			);
			path = Home;
			sourceTree = "<group>";
		};
		F7D0659726BD790600A31E37 = {
			isa = PBXGroup;
			children = (
				F7D065A226BD790600A31E37 /* Music Bag */,
				F7D065A126BD790600A31E37 /* Products */,
				D03EA9340BB5A2869F1EB221 /* Pods */,
				70ED091A7500C0D50C2D4F2C /* Frameworks */,
			);
			sourceTree = "<group>";
		};
		F7D065A126BD790600A31E37 /* Products */ = {
			isa = PBXGroup;
			children = (
				F7D065A026BD790600A31E37 /* Music Bag.app */,
			);
			name = Products;
			sourceTree = "<group>";
		};
		F7D065A226BD790600A31E37 /* Music Bag */ = {
			isa = PBXGroup;
			children = (
				F727B66A26E5A267006D2F3C /* Extensions */,
				F727B66726E59F19006D2F3C /* Models */,
				F7D065C526BDA52B00A31E37 /* Common */,
				F7D065C326BDA4F300A31E37 /* ViewControllers */,
				F7D065C426BDA51200A31E37 /* UIComponents */,
				F7D065C626BDA54E00A31E37 /* Managers */,
				F77A16E32704E2970090851D /* Preview.swift */,
			);
			path = "Music Bag";
			sourceTree = "<group>";
		};
		F7D065C326BDA4F300A31E37 /* ViewControllers */ = {
			isa = PBXGroup;
			children = (
				F77A172327064EBD0090851D /* Login */,
				F77A48782703818400FF3538 /* Profile */,
				F77A486427013F6800FF3538 /* Register */,
				F7AB5E4226F3A2EA00DF7248 /* Home */,
				F7D065CF26BDCA5900A31E37 /* Music */,
				F77A48732702333900FF3538 /* NoPlayingMusicViewController.swift */,
			);
			path = ViewControllers;
			sourceTree = "<group>";
		};
		F7D065C426BDA51200A31E37 /* UIComponents */ = {
			isa = PBXGroup;
			children = (
				F77A486B2701EAC100FF3538 /* CustomTextField.swift */,
				F77A486D2701F74D00FF3538 /* CustomButton.swift */,
				F77A486F2702011A00FF3538 /* CutomTextFieldView.swift */,
				F77A17202705DB010090851D /* CollectionTableViewCell.swift */,
				F77A172E270C67790090851D /* SpinnerLoadView.swift */,
			);
			path = UIComponents;
			sourceTree = "<group>";
		};
		F7D065C526BDA52B00A31E37 /* Common */ = {
			isa = PBXGroup;
			children = (
				F7D065A326BD790600A31E37 /* AppDelegate.swift */,
				F7D065A526BD790600A31E37 /* SceneDelegate.swift */,
				F7D065AC26BD790A00A31E37 /* Assets.xcassets */,
				F7D065AE26BD790A00A31E37 /* LaunchScreen.storyboard */,
				F7D065CC26BDBE7F00A31E37 /* Info.plist */,
				F727B66526E59D78006D2F3C /* GoogleService-Info.plist */,
				F727B66D26E5AA88006D2F3C /* BaseViewAController.swift */,
				F7FC156126FE14CB00E8D279 /* TabBar.swift */,
			);
			path = Common;
			sourceTree = "<group>";
		};
		F7D065C626BDA54E00A31E37 /* Managers */ = {
			isa = PBXGroup;
			children = (
				F7E598D826D6749800F6BD94 /* Services */,
				F7D065C726BDA58900A31E37 /* APIManager.swift */,
				F7D065C926BDBAE700A31E37 /* NetworkManager.swift */,
				F708978D26FCB70F004973D2 /* FireBaseManager.swift */,
				F77A487127022F0400FF3538 /* MusicManager.swift */,
			);
			path = Managers;
			sourceTree = "<group>";
		};
		F7D065CF26BDCA5900A31E37 /* Music */ = {
			isa = PBXGroup;
			children = (
				F77A1729270B3A510090851D /* Cell */,
				F7D065A726BD790600A31E37 /* MusicViewController.swift */,
			);
			path = Music;
			sourceTree = "<group>";
		};
		F7E598D826D6749800F6BD94 /* Services */ = {
			isa = PBXGroup;
			children = (
				F7E598D926D674BA00F6BD94 /* Service.swift */,
			);
			path = Services;
			sourceTree = "<group>";
		};
/* End PBXGroup section */

/* Begin PBXNativeTarget section */
		F7D0659F26BD790600A31E37 /* Music Bag */ = {
			isa = PBXNativeTarget;
			buildConfigurationList = F7D065B426BD790A00A31E37 /* Build configuration list for PBXNativeTarget "Music Bag" */;
			buildPhases = (
				40B9C2565090E3AD9263A910 /* [CP] Check Pods Manifest.lock */,
				F7D0659C26BD790600A31E37 /* Sources */,
				F7D0659D26BD790600A31E37 /* Frameworks */,
				F7D0659E26BD790600A31E37 /* Resources */,
				754A8366800AA5D6EA6667B3 /* [CP] Embed Pods Frameworks */,
			);
			buildRules = (
			);
			dependencies = (
			);
			name = "Music Bag";
			packageProductDependencies = (
				F7D065BD26BD985C00A31E37 /* SnapKit */,
			);
			productName = "Music Bag";
			productReference = F7D065A026BD790600A31E37 /* Music Bag.app */;
			productType = "com.apple.product-type.application";
		};
/* End PBXNativeTarget section */

/* Begin PBXProject section */
		F7D0659826BD790600A31E37 /* Project object */ = {
			isa = PBXProject;
			attributes = {
				LastSwiftUpdateCheck = 1250;
				LastUpgradeCheck = 1250;
				TargetAttributes = {
					F7D0659F26BD790600A31E37 = {
						CreatedOnToolsVersion = 12.5.1;
					};
				};
			};
			buildConfigurationList = F7D0659B26BD790600A31E37 /* Build configuration list for PBXProject "Music Bag" */;
			compatibilityVersion = "Xcode 9.3";
			developmentRegion = en;
			hasScannedForEncodings = 0;
			knownRegions = (
				en,
				Base,
			);
			mainGroup = F7D0659726BD790600A31E37;
			packageReferences = (
				F7D065BC26BD985C00A31E37 /* XCRemoteSwiftPackageReference "SnapKit" */,
			);
			productRefGroup = F7D065A126BD790600A31E37 /* Products */;
			projectDirPath = "";
			projectRoot = "";
			targets = (
				F7D0659F26BD790600A31E37 /* Music Bag */,
			);
		};
/* End PBXProject section */

/* Begin PBXResourcesBuildPhase section */
		F7D0659E26BD790600A31E37 /* Resources */ = {
			isa = PBXResourcesBuildPhase;
			buildActionMask = 2147483647;
			files = (
				F7D065B026BD790A00A31E37 /* LaunchScreen.storyboard in Resources */,
				F7D065AD26BD790A00A31E37 /* Assets.xcassets in Resources */,
				F727B66626E59D78006D2F3C /* GoogleService-Info.plist in Resources */,
			);
			runOnlyForDeploymentPostprocessing = 0;
		};
/* End PBXResourcesBuildPhase section */

/* Begin PBXShellScriptBuildPhase section */
		40B9C2565090E3AD9263A910 /* [CP] Check Pods Manifest.lock */ = {
			isa = PBXShellScriptBuildPhase;
			buildActionMask = 2147483647;
			files = (
			);
			inputFileListPaths = (
			);
			inputPaths = (
				"${PODS_PODFILE_DIR_PATH}/Podfile.lock",
				"${PODS_ROOT}/Manifest.lock",
			);
			name = "[CP] Check Pods Manifest.lock";
			outputFileListPaths = (
			);
			outputPaths = (
				"$(DERIVED_FILE_DIR)/Pods-Music Bag-checkManifestLockResult.txt",
			);
			runOnlyForDeploymentPostprocessing = 0;
			shellPath = /bin/sh;
			shellScript = "diff \"${PODS_PODFILE_DIR_PATH}/Podfile.lock\" \"${PODS_ROOT}/Manifest.lock\" > /dev/null\nif [ $? != 0 ] ; then\n    # print error to STDERR\n    echo \"error: The sandbox is not in sync with the Podfile.lock. Run 'pod install' or update your CocoaPods installation.\" >&2\n    exit 1\nfi\n# This output is used by Xcode 'outputs' to avoid re-running this script phase.\necho \"SUCCESS\" > \"${SCRIPT_OUTPUT_FILE_0}\"\n";
			showEnvVarsInLog = 0;
		};
		754A8366800AA5D6EA6667B3 /* [CP] Embed Pods Frameworks */ = {
			isa = PBXShellScriptBuildPhase;
			buildActionMask = 2147483647;
			files = (
			);
			inputFileListPaths = (
				"${PODS_ROOT}/Target Support Files/Pods-Music Bag/Pods-Music Bag-frameworks-${CONFIGURATION}-input-files.xcfilelist",
			);
			name = "[CP] Embed Pods Frameworks";
			outputFileListPaths = (
				"${PODS_ROOT}/Target Support Files/Pods-Music Bag/Pods-Music Bag-frameworks-${CONFIGURATION}-output-files.xcfilelist",
			);
			runOnlyForDeploymentPostprocessing = 0;
			shellPath = /bin/sh;
			shellScript = "\"${PODS_ROOT}/Target Support Files/Pods-Music Bag/Pods-Music Bag-frameworks.sh\"\n";
			showEnvVarsInLog = 0;
		};
/* End PBXShellScriptBuildPhase section */

/* Begin PBXSourcesBuildPhase section */
		F7D0659C26BD790600A31E37 /* Sources */ = {
			isa = PBXSourcesBuildPhase;
			buildActionMask = 2147483647;
			files = (
				F7BDBD4D27112013005BAF9A /* UINavigationController+Extension.swift in Sources */,
				F7D065C026BD99D600A31E37 /* HomeTableViewCell.swift in Sources */,
				F76212DB271087D600F5AD87 /* MenuViewController.swift in Sources */,
				F7FC156226FE14CB00E8D279 /* TabBar.swift in Sources */,
				F7D065A826BD790600A31E37 /* MusicViewController.swift in Sources */,
				F76212D92710811F00F5AD87 /* ContainerViewController.swift in Sources */,
				F727B66E26E5AA88006D2F3C /* BaseViewAController.swift in Sources */,
				F77A487A2703819A00FF3538 /* ProfileViewController.swift in Sources */,
				F7AB5E4426F3A30000DF7248 /* HomeViewController.swift in Sources */,
				F77A48702702011A00FF3538 /* CutomTextFieldView.swift in Sources */,
				F77A172F270C67790090851D /* SpinnerLoadView.swift in Sources */,
				F7D065CA26BDBAE700A31E37 /* NetworkManager.swift in Sources */,
				F7DBF40526F9451C002C7864 /* HomeSectionHeaderView.swift in Sources */,
				F77A486627013FA100FF3538 /* RegisterViewController.swift in Sources */,
				F7AB5E5426F4DF2100DF7248 /* MusicModel.swift in Sources */,
				F7D065A426BD790600A31E37 /* AppDelegate.swift in Sources */,
				F77A486C2701EAC100FF3538 /* CustomTextField.swift in Sources */,
				F7E598DA26D674BA00F6BD94 /* Service.swift in Sources */,
				F77A172527064ECD0090851D /* LoginViewController.swift in Sources */,
				F77A16E42704E2970090851D /* Preview.swift in Sources */,
				F7BDBD5527114373005BAF9A /* ProfileMenuButton.swift in Sources */,
				F77A48762702888F00FF3538 /* UIImage+ResizeImageExtensin.swift in Sources */,
				F77A487227022F0400FF3538 /* MusicManager.swift in Sources */,
				F727B67A26E65564006D2F3C /* UIImage+Extension.swift in Sources */,
				F7D065A626BD790600A31E37 /* SceneDelegate.swift in Sources */,
				F77A486E2701F74E00FF3538 /* CustomButton.swift in Sources */,
				F727B66C26E5A283006D2F3C /* UIColor+Extension.swift in Sources */,
				F77A172B270BB0680090851D /* UIView+Extension.swift in Sources */,
				F7D065C826BDA58900A31E37 /* APIManager.swift in Sources */,
				F77A17212705DB010090851D /* CollectionTableViewCell.swift in Sources */,
				F708978E26FCB70F004973D2 /* FireBaseManager.swift in Sources */,
				F77A48742702333900FF3538 /* NoPlayingMusicViewController.swift in Sources */,
			);
			runOnlyForDeploymentPostprocessing = 0;
		};
/* End PBXSourcesBuildPhase section */

/* Begin PBXVariantGroup section */
		F7D065AE26BD790A00A31E37 /* LaunchScreen.storyboard */ = {
			isa = PBXVariantGroup;
			children = (
				F7D065AF26BD790A00A31E37 /* Base */,
			);
			name = LaunchScreen.storyboard;
			sourceTree = "<group>";
		};
/* End PBXVariantGroup section */

/* Begin XCBuildConfiguration section */
		F7D065B226BD790A00A31E37 /* Debug */ = {
			isa = XCBuildConfiguration;
			buildSettings = {
				ALWAYS_SEARCH_USER_PATHS = NO;
				CLANG_ANALYZER_NONNULL = YES;
				CLANG_ANALYZER_NUMBER_OBJECT_CONVERSION = YES_AGGRESSIVE;
				CLANG_CXX_LANGUAGE_STANDARD = "gnu++14";
				CLANG_CXX_LIBRARY = "libc++";
				CLANG_ENABLE_MODULES = YES;
				CLANG_ENABLE_OBJC_ARC = YES;
				CLANG_ENABLE_OBJC_WEAK = YES;
				CLANG_WARN_BLOCK_CAPTURE_AUTORELEASING = YES;
				CLANG_WARN_BOOL_CONVERSION = YES;
				CLANG_WARN_COMMA = YES;
				CLANG_WARN_CONSTANT_CONVERSION = YES;
				CLANG_WARN_DEPRECATED_OBJC_IMPLEMENTATIONS = YES;
				CLANG_WARN_DIRECT_OBJC_ISA_USAGE = YES_ERROR;
				CLANG_WARN_DOCUMENTATION_COMMENTS = YES;
				CLANG_WARN_EMPTY_BODY = YES;
				CLANG_WARN_ENUM_CONVERSION = YES;
				CLANG_WARN_INFINITE_RECURSION = YES;
				CLANG_WARN_INT_CONVERSION = YES;
				CLANG_WARN_NON_LITERAL_NULL_CONVERSION = YES;
				CLANG_WARN_OBJC_IMPLICIT_RETAIN_SELF = YES;
				CLANG_WARN_OBJC_LITERAL_CONVERSION = YES;
				CLANG_WARN_OBJC_ROOT_CLASS = YES_ERROR;
				CLANG_WARN_QUOTED_INCLUDE_IN_FRAMEWORK_HEADER = YES;
				CLANG_WARN_RANGE_LOOP_ANALYSIS = YES;
				CLANG_WARN_STRICT_PROTOTYPES = YES;
				CLANG_WARN_SUSPICIOUS_MOVE = YES;
				CLANG_WARN_UNGUARDED_AVAILABILITY = YES_AGGRESSIVE;
				CLANG_WARN_UNREACHABLE_CODE = YES;
				CLANG_WARN__DUPLICATE_METHOD_MATCH = YES;
				COPY_PHASE_STRIP = NO;
				DEBUG_INFORMATION_FORMAT = dwarf;
				ENABLE_STRICT_OBJC_MSGSEND = YES;
				ENABLE_TESTABILITY = YES;
				GCC_C_LANGUAGE_STANDARD = gnu11;
				GCC_DYNAMIC_NO_PIC = NO;
				GCC_NO_COMMON_BLOCKS = YES;
				GCC_OPTIMIZATION_LEVEL = 0;
				GCC_PREPROCESSOR_DEFINITIONS = (
					"DEBUG=1",
					"$(inherited)",
				);
				GCC_WARN_64_TO_32_BIT_CONVERSION = YES;
				GCC_WARN_ABOUT_RETURN_TYPE = YES_ERROR;
				GCC_WARN_UNDECLARED_SELECTOR = YES;
				GCC_WARN_UNINITIALIZED_AUTOS = YES_AGGRESSIVE;
				GCC_WARN_UNUSED_FUNCTION = YES;
				GCC_WARN_UNUSED_VARIABLE = YES;
				IPHONEOS_DEPLOYMENT_TARGET = 13.0;
				MTL_ENABLE_DEBUG_INFO = INCLUDE_SOURCE;
				MTL_FAST_MATH = YES;
				ONLY_ACTIVE_ARCH = YES;
				SDKROOT = iphoneos;
				SWIFT_ACTIVE_COMPILATION_CONDITIONS = DEBUG;
				SWIFT_OPTIMIZATION_LEVEL = "-Onone";
			};
			name = Debug;
		};
		F7D065B326BD790A00A31E37 /* Release */ = {
			isa = XCBuildConfiguration;
			buildSettings = {
				ALWAYS_SEARCH_USER_PATHS = NO;
				CLANG_ANALYZER_NONNULL = YES;
				CLANG_ANALYZER_NUMBER_OBJECT_CONVERSION = YES_AGGRESSIVE;
				CLANG_CXX_LANGUAGE_STANDARD = "gnu++14";
				CLANG_CXX_LIBRARY = "libc++";
				CLANG_ENABLE_MODULES = YES;
				CLANG_ENABLE_OBJC_ARC = YES;
				CLANG_ENABLE_OBJC_WEAK = YES;
				CLANG_WARN_BLOCK_CAPTURE_AUTORELEASING = YES;
				CLANG_WARN_BOOL_CONVERSION = YES;
				CLANG_WARN_COMMA = YES;
				CLANG_WARN_CONSTANT_CONVERSION = YES;
				CLANG_WARN_DEPRECATED_OBJC_IMPLEMENTATIONS = YES;
				CLANG_WARN_DIRECT_OBJC_ISA_USAGE = YES_ERROR;
				CLANG_WARN_DOCUMENTATION_COMMENTS = YES;
				CLANG_WARN_EMPTY_BODY = YES;
				CLANG_WARN_ENUM_CONVERSION = YES;
				CLANG_WARN_INFINITE_RECURSION = YES;
				CLANG_WARN_INT_CONVERSION = YES;
				CLANG_WARN_NON_LITERAL_NULL_CONVERSION = YES;
				CLANG_WARN_OBJC_IMPLICIT_RETAIN_SELF = YES;
				CLANG_WARN_OBJC_LITERAL_CONVERSION = YES;
				CLANG_WARN_OBJC_ROOT_CLASS = YES_ERROR;
				CLANG_WARN_QUOTED_INCLUDE_IN_FRAMEWORK_HEADER = YES;
				CLANG_WARN_RANGE_LOOP_ANALYSIS = YES;
				CLANG_WARN_STRICT_PROTOTYPES = YES;
				CLANG_WARN_SUSPICIOUS_MOVE = YES;
				CLANG_WARN_UNGUARDED_AVAILABILITY = YES_AGGRESSIVE;
				CLANG_WARN_UNREACHABLE_CODE = YES;
				CLANG_WARN__DUPLICATE_METHOD_MATCH = YES;
				COPY_PHASE_STRIP = NO;
				DEBUG_INFORMATION_FORMAT = "dwarf-with-dsym";
				ENABLE_NS_ASSERTIONS = NO;
				ENABLE_STRICT_OBJC_MSGSEND = YES;
				GCC_C_LANGUAGE_STANDARD = gnu11;
				GCC_NO_COMMON_BLOCKS = YES;
				GCC_WARN_64_TO_32_BIT_CONVERSION = YES;
				GCC_WARN_ABOUT_RETURN_TYPE = YES_ERROR;
				GCC_WARN_UNDECLARED_SELECTOR = YES;
				GCC_WARN_UNINITIALIZED_AUTOS = YES_AGGRESSIVE;
				GCC_WARN_UNUSED_FUNCTION = YES;
				GCC_WARN_UNUSED_VARIABLE = YES;
				IPHONEOS_DEPLOYMENT_TARGET = 13.0;
				MTL_ENABLE_DEBUG_INFO = NO;
				MTL_FAST_MATH = YES;
				SDKROOT = iphoneos;
				SWIFT_COMPILATION_MODE = wholemodule;
				SWIFT_OPTIMIZATION_LEVEL = "-O";
				VALIDATE_PRODUCT = YES;
			};
			name = Release;
		};
		F7D065B526BD790A00A31E37 /* Debug */ = {
			isa = XCBuildConfiguration;
			baseConfigurationReference = BF52065107647F2A15189469 /* Pods-Music Bag.debug.xcconfig */;
			buildSettings = {
				ASSETCATALOG_COMPILER_APPICON_NAME = AppIcon;
				ASSETCATALOG_COMPILER_GLOBAL_ACCENT_COLOR_NAME = AccentColor;
				CODE_SIGN_STYLE = Automatic;
				DEVELOPMENT_TEAM = 5SXPPKG8N5;
				INFOPLIST_FILE = "$(SRCROOT)/Music Bag/Common/Info.plist";
				LD_RUNPATH_SEARCH_PATHS = (
					"$(inherited)",
					"@executable_path/Frameworks",
				);
				PRODUCT_BUNDLE_IDENTIFIER = "br.com.Music-Bag";
				PRODUCT_NAME = "$(TARGET_NAME)";
				SWIFT_VERSION = 5.0;
				TARGETED_DEVICE_FAMILY = "1,2";
			};
			name = Debug;
		};
		F7D065B626BD790A00A31E37 /* Release */ = {
			isa = XCBuildConfiguration;
			baseConfigurationReference = 7664685B2ECE85278C8309FB /* Pods-Music Bag.release.xcconfig */;
			buildSettings = {
				ASSETCATALOG_COMPILER_APPICON_NAME = AppIcon;
				ASSETCATALOG_COMPILER_GLOBAL_ACCENT_COLOR_NAME = AccentColor;
				CODE_SIGN_STYLE = Automatic;
				DEVELOPMENT_TEAM = 5SXPPKG8N5;
				INFOPLIST_FILE = "$(SRCROOT)/Music Bag/Common/Info.plist";
				LD_RUNPATH_SEARCH_PATHS = (
					"$(inherited)",
					"@executable_path/Frameworks",
				);
				PRODUCT_BUNDLE_IDENTIFIER = "br.com.Music-Bag";
				PRODUCT_NAME = "$(TARGET_NAME)";
				SWIFT_VERSION = 5.0;
				TARGETED_DEVICE_FAMILY = "1,2";
			};
			name = Release;
		};
/* End XCBuildConfiguration section */

/* Begin XCConfigurationList section */
		F7D0659B26BD790600A31E37 /* Build configuration list for PBXProject "Music Bag" */ = {
			isa = XCConfigurationList;
			buildConfigurations = (
				F7D065B226BD790A00A31E37 /* Debug */,
				F7D065B326BD790A00A31E37 /* Release */,
			);
			defaultConfigurationIsVisible = 0;
			defaultConfigurationName = Release;
		};
		F7D065B426BD790A00A31E37 /* Build configuration list for PBXNativeTarget "Music Bag" */ = {
			isa = XCConfigurationList;
			buildConfigurations = (
				F7D065B526BD790A00A31E37 /* Debug */,
				F7D065B626BD790A00A31E37 /* Release */,
			);
			defaultConfigurationIsVisible = 0;
			defaultConfigurationName = Release;
		};
/* End XCConfigurationList section */

/* Begin XCRemoteSwiftPackageReference section */
		F7D065BC26BD985C00A31E37 /* XCRemoteSwiftPackageReference "SnapKit" */ = {
			isa = XCRemoteSwiftPackageReference;
			repositoryURL = "https://github.com/SnapKit/SnapKit";
			requirement = {
				kind = upToNextMajorVersion;
				minimumVersion = 5.0.1;
			};
		};
/* End XCRemoteSwiftPackageReference section */

/* Begin XCSwiftPackageProductDependency section */
		F7D065BD26BD985C00A31E37 /* SnapKit */ = {
			isa = XCSwiftPackageProductDependency;
			package = F7D065BC26BD985C00A31E37 /* XCRemoteSwiftPackageReference "SnapKit" */;
			productName = SnapKit;
		};
/* End XCSwiftPackageProductDependency section */
	};
	rootObject = F7D0659826BD790600A31E37 /* Project object */;
}
